
Microsoft Visual Studio Solution File, Format Version 12.00
Project("{FAE04EC0-301F-11D3-BF4B-00C04F79EFBC}") = "FireDispatch.App", "FireDispatch.App\FireDispatch.App.csproj", "{ABD50586-E8BF-41B0-87A0-A9C946B292CA}"
EndProject
Project("{FAE04EC0-301F-11D3-BF4B-00C04F79EFBC}") = "FireDispatch.Models", "FireDispatch.Models\FireDispatch.Models.csproj", "{91D23423-0158-4BCE-A4A1-9E70B27F96C9}"
EndProject
Project("{FAE04EC0-301F-11D3-BF4B-00C04F79EFBC}") = "FireDispatch.Interfaces", "FireDispatch.Interfaces\FireDispatch.Interfaces.csproj", "{CB6EA2C3-A828-46D3-97B2-3D3A0664F7C0}"
EndProject
Project("{FAE04EC0-301F-11D3-BF4B-00C04F79EFBC}") = "FireDispatch.Strategy", "FireDispatch.Strategy\FireDispatch.Strategy.csproj", "{2B8604A3-321C-4507-B587-25EB7BF1E4A9}"
EndProject
Project("{FAE04EC0-301F-11D3-BF4B-00C04F79EFBC}") = "FireDispatch.Observer", "FireDispatch.Observer\FireDispatch.Observer.csproj", "{F9ECE387-758E-4904-AE17-3A4BE9B26CF2}"
EndProject
Project("{FAE04EC0-301F-11D3-BF4B-00C04F79EFBC}") = "FireDispatch.Context", "FireDispatch.Context\FireDispatch.Context.csproj", "{D8678291-C59B-4AA8-BB6C-8F9DE5409854}"
EndProject
Global
	GlobalSection(SolutionConfigurationPlatforms) = preSolution
		Debug|Any CPU = Debug|Any CPU
		Release|Any CPU = Release|Any CPU
	EndGlobalSection
	GlobalSection(ProjectConfigurationPlatforms) = postSolution
		{ABD50586-E8BF-41B0-87A0-A9C946B292CA}.Debug|Any CPU.ActiveCfg = Debug|Any CPU
		{ABD50586-E8BF-41B0-87A0-A9C946B292CA}.Debug|Any CPU.Build.0 = Debug|Any CPU
		{ABD50586-E8BF-41B0-87A0-A9C946B292CA}.Release|Any CPU.ActiveCfg = Release|Any CPU
		{ABD50586-E8BF-41B0-87A0-A9C946B292CA}.Release|Any CPU.Build.0 = Release|Any CPU
		{91D23423-0158-4BCE-A4A1-9E70B27F96C9}.Debug|Any CPU.ActiveCfg = Debug|Any CPU
		{91D23423-0158-4BCE-A4A1-9E70B27F96C9}.Debug|Any CPU.Build.0 = Debug|Any CPU
		{91D23423-0158-4BCE-A4A1-9E70B27F96C9}.Release|Any CPU.ActiveCfg = Release|Any CPU
		{91D23423-0158-4BCE-A4A1-9E70B27F96C9}.Release|Any CPU.Build.0 = Release|Any CPU
		{CB6EA2C3-A828-46D3-97B2-3D3A0664F7C0}.Debug|Any CPU.ActiveCfg = Debug|Any CPU
		{CB6EA2C3-A828-46D3-97B2-3D3A0664F7C0}.Debug|Any CPU.Build.0 = Debug|Any CPU
		{CB6EA2C3-A828-46D3-97B2-3D3A0664F7C0}.Release|Any CPU.ActiveCfg = Release|Any CPU
		{CB6EA2C3-A828-46D3-97B2-3D3A0664F7C0}.Release|Any CPU.Build.0 = Release|Any CPU
		{2B8604A3-321C-4507-B587-25EB7BF1E4A9}.Debug|Any CPU.ActiveCfg = Debug|Any CPU
		{2B8604A3-321C-4507-B587-25EB7BF1E4A9}.Debug|Any CPU.Build.0 = Debug|Any CPU
		{2B8604A3-321C-4507-B587-25EB7BF1E4A9}.Release|Any CPU.ActiveCfg = Release|Any CPU
		{2B8604A3-321C-4507-B587-25EB7BF1E4A9}.Release|Any CPU.Build.0 = Release|Any CPU
		{F9ECE387-758E-4904-AE17-3A4BE9B26CF2}.Debug|Any CPU.ActiveCfg = Debug|Any CPU
		{F9ECE387-758E-4904-AE17-3A4BE9B26CF2}.Debug|Any CPU.Build.0 = Debug|Any CPU
		{F9ECE387-758E-4904-AE17-3A4BE9B26CF2}.Release|Any CPU.ActiveCfg = Release|Any CPU
		{F9ECE387-758E-4904-AE17-3A4BE9B26CF2}.Release|Any CPU.Build.0 = Release|Any CPU
		{D8678291-C59B-4AA8-BB6C-8F9DE5409854}.Debug|Any CPU.ActiveCfg = Debug|Any CPU
		{D8678291-C59B-4AA8-BB6C-8F9DE5409854}.Debug|Any CPU.Build.0 = Debug|Any CPU
		{D8678291-C59B-4AA8-BB6C-8F9DE5409854}.Release|Any CPU.ActiveCfg = Release|Any CPU
		{D8678291-C59B-4AA8-BB6C-8F9DE5409854}.Release|Any CPU.Build.0 = Release|Any CPU
	EndGlobalSection
EndGlobal
